
Microsoft Visual Studio Solution File, Format Version 12.00
# Visual Studio Version 17
VisualStudioVersion = 17.7.34202.233
MinimumVisualStudioVersion = 10.0.40219.1
Project("{FAE04EC0-301F-11D3-BF4B-00C04F79EFBC}") = "Abstraindo um Celular com POO", "Abstraindo um Celular com POO.csproj", "{64070C23-819E-4D69-9676-7C5CF41909AD}"
EndProject
Global
	GlobalSection(SolutionConfigurationPlatforms) = preSolution
		Debug|Any CPU = Debug|Any CPU
		Release|Any CPU = Release|Any CPU
	EndGlobalSection
	GlobalSection(ProjectConfigurationPlatforms) = postSolution
		{64070C23-819E-4D69-9676-7C5CF41909AD}.Debug|Any CPU.ActiveCfg = Debug|Any CPU
		{64070C23-819E-4D69-9676-7C5CF41909AD}.Debug|Any CPU.Build.0 = Debug|Any CPU
		{64070C23-819E-4D69-9676-7C5CF41909AD}.Release|Any CPU.ActiveCfg = Release|Any CPU
		{64070C23-819E-4D69-9676-7C5CF41909AD}.Release|Any CPU.Build.0 = Release|Any CPU
	EndGlobalSection
	GlobalSection(SolutionProperties) = preSolution
		HideSolutionNode = FALSE
	EndGlobalSection
	GlobalSection(ExtensibilityGlobals) = postSolution
		SolutionGuid = {85D26C2B-232F-4CDE-B0DD-78680185CB36}
	EndGlobalSection
EndGlobal
